
Microsoft Visual Studio Solution File, Format Version 12.00
# Visual Studio 14
VisualStudioVersion = 14.0.25420.1
MinimumVisualStudioVersion = 10.0.40219.1
Project("{FAE04EC0-301F-11D3-BF4B-00C04F79EFBC}") = "DontStarve.App", "DontStarve.App\DontStarve.App.csproj", "{2C0B51DC-47FC-4C6F-82DC-9E8AA3A8A4A5}"
EndProject
Project("{FAE04EC0-301F-11D3-BF4B-00C04F79EFBC}") = "DontStarve.IService", "DontStarve.IService\DontStarve.IService.csproj", "{BD64ACBE-16E9-47DF-A862-1AAAA9E03D12}"
EndProject
Project("{FAE04EC0-301F-11D3-BF4B-00C04F79EFBC}") = "DontStarve.DSL", "DontStarve.DSL\DontStarve.DSL.csproj", "{D4597829-830B-4BB0-871E-58967091E00D}"
EndProject
Project("{FAE04EC0-301F-11D3-BF4B-00C04F79EFBC}") = "DontStarve.IDAL", "DontStarve.IDAL\DontStarve.IDAL.csproj", "{AB093856-5A96-4D21-975B-2D32BE70F977}"
EndProject
Project("{FAE04EC0-301F-11D3-BF4B-00C04F79EFBC}") = "DontStarve.Model", "DontStarve.Model\DontStarve.Model.csproj", "{90A954D4-B288-491C-AB54-227CF918D5C1}"
EndProject
Project("{FAE04EC0-301F-11D3-BF4B-00C04F79EFBC}") = "DontStarve.Common", "DontStarve.Common\DontStarve.Common.csproj", "{922C0A3B-BD6D-4AD1-8922-49EC5E4B1742}"
EndProject
Project("{FAE04EC0-301F-11D3-BF4B-00C04F79EFBC}") = "DontStarve.Factory", "DontStarve.Factory\DontStarve.Factory.csproj", "{3049AFBC-9C1D-4418-A76B-F9747C63B720}"
EndProject
Project("{2150E333-8FDC-42A3-9474-1A3956D46DE8}") = "Lib", "Lib", "{D9D1FA04-F9FA-4BE2-BD71-10C5A24026E9}"
	ProjectSection(SolutionItems) = preProject
		Lib\CSkin.dll = Lib\CSkin.dll
		Lib\CSkin.XML = Lib\CSkin.XML
	EndProjectSection
EndProject
Project("{FAE04EC0-301F-11D3-BF4B-00C04F79EFBC}") = "DontStarve.DAL", "DontStarve.DAL\DontStarve.DAL.csproj", "{0C4BEB33-8A85-416C-9341-6D34B09A72A2}"
EndProject
Project("{FAE04EC0-301F-11D3-BF4B-00C04F79EFBC}") = "DontStarve.Service", "DontStarve.Service\DontStarve.Service.csproj", "{D927A454-9D39-4943-B710-EF46C551F06E}"
EndProject
Project("{2150E333-8FDC-42A3-9474-1A3956D46DE8}") = "img", "img", "{03277F08-355A-4969-B363-D71E6324D9C6}"
	ProjectSection(SolutionItems) = preProject
		img\132.jpg = img\132.jpg
		img\byebye.gif = img\byebye.gif
		img\chilli.png = img\chilli.png
		img\christmas.png = img\christmas.png
		img\CoolClips.png = img\CoolClips.png
		img\crab.jpg = img\crab.jpg
		img\cup.png = img\cup.png
		img\door.gif = img\door.gif
		img\eat.png = img\eat.png
		img\first.png = img\first.png
		img\flash.gif = img\flash.gif
		img\food.png = img\food.png
		img\friend1.jpg = img\friend1.jpg
		img\gif1.gif = img\gif1.gif
		img\goeat.gif = img\goeat.gif
		img\headpic1.jpeg = img\headpic1.jpeg
		img\hometp.jpg = img\hometp.jpg
		img\hometpleave.png = img\hometpleave.png
		img\hometpleave2.png = img\hometpleave2.png
		img\house.png = img\house.png
		img\house173.png = img\house173.png
		img\ico.ooopic.png = img\ico.ooopic.png
		img\images.jpg = img\images.jpg
		img\invite.jpg = img\invite.jpg
		img\morefood.jpg = img\morefood.jpg
		img\next.png = img\next.png
		img\noodle.jpg = img\noodle.jpg
		img\nopic.jpg = img\nopic.jpg
		img\novideo.png = img\novideo.png
		img\sharefood.png = img\sharefood.png
		img\sign-left-icon.png = img\sign-left-icon.png
		img\sign-right-icon.png = img\sign-right-icon.png
		img\taco.png = img\taco.png
		img\tempjpg.jpg = img\tempjpg.jpg
		img\thumb_up.png = img\thumb_up.png
		img\thumb_up2.png = img\thumb_up2.png
		img\thumb_up3.png = img\thumb_up3.png
		img\toolbarvideo.ico = img\toolbarvideo.ico
		img\twopart.png = img\twopart.png
		img\xingxing.gif = img\xingxing.gif
		img\yellow-37.png = img\yellow-37.png
	EndProjectSection
EndProject
Project("{2150E333-8FDC-42A3-9474-1A3956D46DE8}") = "Database", "Database", "{2A23E23C-EAD5-4A4B-B2CC-FACB925F824E}"
	ProjectSection(SolutionItems) = preProject
		Database\0.png = Database\0.png
		Database\1.png = Database\1.png
		Database\2.png = Database\2.png
		Database\3.png = Database\3.png
		Database\4.png = Database\4.png
		Database\structure.sql = Database\structure.sql
		Database\StructureAndData.sql = Database\StructureAndData.sql
		Database\必读.txt = Database\必读.txt
	EndProjectSection
EndProject
Project("{2150E333-8FDC-42A3-9474-1A3956D46DE8}") = "InsertHelper", "InsertHelper", "{4AC1AF1F-E4BD-465C-A5BD-33D45956FD96}"
EndProject
Project("{FAE04EC0-301F-11D3-BF4B-00C04F79EFBC}") = "InsertData", "InsertData\InsertData.csproj", "{6E3CB498-7E97-413C-A37E-B544D2515E1B}"
EndProject
Project("{FAE04EC0-301F-11D3-BF4B-00C04F79EFBC}") = "TestDemo", "TestDemo\TestDemo.csproj", "{5B590E7C-B36F-4414-BCE1-EEF50432B5D6}"
EndProject
Global
	GlobalSection(SolutionConfigurationPlatforms) = preSolution
		Debug|Any CPU = Debug|Any CPU
		Release|Any CPU = Release|Any CPU
	EndGlobalSection
	GlobalSection(ProjectConfigurationPlatforms) = postSolution
		{2C0B51DC-47FC-4C6F-82DC-9E8AA3A8A4A5}.Debug|Any CPU.ActiveCfg = Debug|Any CPU
		{2C0B51DC-47FC-4C6F-82DC-9E8AA3A8A4A5}.Debug|Any CPU.Build.0 = Debug|Any CPU
		{2C0B51DC-47FC-4C6F-82DC-9E8AA3A8A4A5}.Release|Any CPU.ActiveCfg = Release|Any CPU
		{2C0B51DC-47FC-4C6F-82DC-9E8AA3A8A4A5}.Release|Any CPU.Build.0 = Release|Any CPU
		{BD64ACBE-16E9-47DF-A862-1AAAA9E03D12}.Debug|Any CPU.ActiveCfg = Debug|Any CPU
		{BD64ACBE-16E9-47DF-A862-1AAAA9E03D12}.Debug|Any CPU.Build.0 = Debug|Any CPU
		{BD64ACBE-16E9-47DF-A862-1AAAA9E03D12}.Release|Any CPU.ActiveCfg = Release|Any CPU
		{BD64ACBE-16E9-47DF-A862-1AAAA9E03D12}.Release|Any CPU.Build.0 = Release|Any CPU
		{D4597829-830B-4BB0-871E-58967091E00D}.Debug|Any CPU.ActiveCfg = Debug|Any CPU
		{D4597829-830B-4BB0-871E-58967091E00D}.Debug|Any CPU.Build.0 = Debug|Any CPU
		{D4597829-830B-4BB0-871E-58967091E00D}.Release|Any CPU.ActiveCfg = Release|Any CPU
		{D4597829-830B-4BB0-871E-58967091E00D}.Release|Any CPU.Build.0 = Release|Any CPU
		{AB093856-5A96-4D21-975B-2D32BE70F977}.Debug|Any CPU.ActiveCfg = Debug|Any CPU
		{AB093856-5A96-4D21-975B-2D32BE70F977}.Debug|Any CPU.Build.0 = Debug|Any CPU
		{AB093856-5A96-4D21-975B-2D32BE70F977}.Release|Any CPU.ActiveCfg = Release|Any CPU
		{AB093856-5A96-4D21-975B-2D32BE70F977}.Release|Any CPU.Build.0 = Release|Any CPU
		{90A954D4-B288-491C-AB54-227CF918D5C1}.Debug|Any CPU.ActiveCfg = Debug|Any CPU
		{90A954D4-B288-491C-AB54-227CF918D5C1}.Debug|Any CPU.Build.0 = Debug|Any CPU
		{90A954D4-B288-491C-AB54-227CF918D5C1}.Release|Any CPU.ActiveCfg = Release|Any CPU
		{90A954D4-B288-491C-AB54-227CF918D5C1}.Release|Any CPU.Build.0 = Release|Any CPU
		{922C0A3B-BD6D-4AD1-8922-49EC5E4B1742}.Debug|Any CPU.ActiveCfg = Debug|Any CPU
		{922C0A3B-BD6D-4AD1-8922-49EC5E4B1742}.Debug|Any CPU.Build.0 = Debug|Any CPU
		{922C0A3B-BD6D-4AD1-8922-49EC5E4B1742}.Release|Any CPU.ActiveCfg = Release|Any CPU
		{922C0A3B-BD6D-4AD1-8922-49EC5E4B1742}.Release|Any CPU.Build.0 = Release|Any CPU
		{3049AFBC-9C1D-4418-A76B-F9747C63B720}.Debug|Any CPU.ActiveCfg = Debug|Any CPU
		{3049AFBC-9C1D-4418-A76B-F9747C63B720}.Debug|Any CPU.Build.0 = Debug|Any CPU
		{3049AFBC-9C1D-4418-A76B-F9747C63B720}.Release|Any CPU.ActiveCfg = Release|Any CPU
		{3049AFBC-9C1D-4418-A76B-F9747C63B720}.Release|Any CPU.Build.0 = Release|Any CPU
		{0C4BEB33-8A85-416C-9341-6D34B09A72A2}.Debug|Any CPU.ActiveCfg = Debug|Any CPU
		{0C4BEB33-8A85-416C-9341-6D34B09A72A2}.Debug|Any CPU.Build.0 = Debug|Any CPU
		{0C4BEB33-8A85-416C-9341-6D34B09A72A2}.Release|Any CPU.ActiveCfg = Release|Any CPU
		{0C4BEB33-8A85-416C-9341-6D34B09A72A2}.Release|Any CPU.Build.0 = Release|Any CPU
		{D927A454-9D39-4943-B710-EF46C551F06E}.Debug|Any CPU.ActiveCfg = Debug|Any CPU
		{D927A454-9D39-4943-B710-EF46C551F06E}.Debug|Any CPU.Build.0 = Debug|Any CPU
		{D927A454-9D39-4943-B710-EF46C551F06E}.Release|Any CPU.ActiveCfg = Release|Any CPU
		{D927A454-9D39-4943-B710-EF46C551F06E}.Release|Any CPU.Build.0 = Release|Any CPU
		{6E3CB498-7E97-413C-A37E-B544D2515E1B}.Debug|Any CPU.ActiveCfg = Debug|Any CPU
		{6E3CB498-7E97-413C-A37E-B544D2515E1B}.Debug|Any CPU.Build.0 = Debug|Any CPU
		{6E3CB498-7E97-413C-A37E-B544D2515E1B}.Release|Any CPU.ActiveCfg = Release|Any CPU
		{6E3CB498-7E97-413C-A37E-B544D2515E1B}.Release|Any CPU.Build.0 = Release|Any CPU
		{5B590E7C-B36F-4414-BCE1-EEF50432B5D6}.Debug|Any CPU.ActiveCfg = Debug|Any CPU
		{5B590E7C-B36F-4414-BCE1-EEF50432B5D6}.Debug|Any CPU.Build.0 = Debug|Any CPU
		{5B590E7C-B36F-4414-BCE1-EEF50432B5D6}.Release|Any CPU.ActiveCfg = Release|Any CPU
		{5B590E7C-B36F-4414-BCE1-EEF50432B5D6}.Release|Any CPU.Build.0 = Release|Any CPU
	EndGlobalSection
	GlobalSection(SolutionProperties) = preSolution
		HideSolutionNode = FALSE
	EndGlobalSection
	GlobalSection(NestedProjects) = preSolution
		{6E3CB498-7E97-413C-A37E-B544D2515E1B} = {4AC1AF1F-E4BD-465C-A5BD-33D45956FD96}
		{5B590E7C-B36F-4414-BCE1-EEF50432B5D6} = {4AC1AF1F-E4BD-465C-A5BD-33D45956FD96}
	EndGlobalSection
EndGlobal
